
Microsoft Visual Studio Solution File, Format Version 12.00
# Visual Studio Version 17
VisualStudioVersion = 17.3.32922.545
MinimumVisualStudioVersion = 10.0.40219.1
Project("{FAE04EC0-301F-11D3-BF4B-00C04F79EFBC}") = "academia_ef", "academia_ef.csproj", "{D28A1169-8791-45AF-9FAF-C98684AD5215}"
EndProject
Global
	GlobalSection(SolutionConfigurationPlatforms) = preSolution
		Debug|Any CPU = Debug|Any CPU
		Release|Any CPU = Release|Any CPU
	EndGlobalSection
	GlobalSection(ProjectConfigurationPlatforms) = postSolution
		{D28A1169-8791-45AF-9FAF-C98684AD5215}.Debug|Any CPU.ActiveCfg = Debug|Any CPU
		{D28A1169-8791-45AF-9FAF-C98684AD5215}.Debug|Any CPU.Build.0 = Debug|Any CPU
		{D28A1169-8791-45AF-9FAF-C98684AD5215}.Release|Any CPU.ActiveCfg = Release|Any CPU
		{D28A1169-8791-45AF-9FAF-C98684AD5215}.Release|Any CPU.Build.0 = Release|Any CPU
	EndGlobalSection
	GlobalSection(SolutionProperties) = preSolution
		HideSolutionNode = FALSE
	EndGlobalSection
	GlobalSection(ExtensibilityGlobals) = postSolution
		SolutionGuid = {2571A9D5-524F-4502-89F8-6CF2A8045788}
	EndGlobalSection
EndGlobal
